
Microsoft Visual Studio Solution File, Format Version 12.00
# Visual Studio Express 2013 for Web
VisualStudioVersion = 12.0.20827.3
MinimumVisualStudioVersion = 10.0.40219.1
Project("{FAE04EC0-301F-11D3-BF4B-00C04F79EFBC}") = "FlubitMerchantApiClient", "FlubitMerchantApiClient\FlubitMerchantApiClient.csproj", "{DB3F42A9-4F9F-40B1-9B25-D612BED61648}"
EndProject
Project("{FAE04EC0-301F-11D3-BF4B-00C04F79EFBC}") = "FlubitMerchantApiClientTest", "FlubitMerchantApiClientTest\FlubitMerchantApiClientTest.csproj", "{7E73667A-80B5-4F12-8AE3-A23C6AFC342C}"
EndProject
Global
	GlobalSection(SolutionConfigurationPlatforms) = preSolution
		Debug|Any CPU = Debug|Any CPU
		Release|Any CPU = Release|Any CPU
	EndGlobalSection
	GlobalSection(ProjectConfigurationPlatforms) = postSolution
		{DB3F42A9-4F9F-40B1-9B25-D612BED61648}.Debug|Any CPU.ActiveCfg = Debug|Any CPU
		{DB3F42A9-4F9F-40B1-9B25-D612BED61648}.Debug|Any CPU.Build.0 = Debug|Any CPU
		{DB3F42A9-4F9F-40B1-9B25-D612BED61648}.Release|Any CPU.ActiveCfg = Release|Any CPU
		{DB3F42A9-4F9F-40B1-9B25-D612BED61648}.Release|Any CPU.Build.0 = Release|Any CPU
		{7E73667A-80B5-4F12-8AE3-A23C6AFC342C}.Debug|Any CPU.ActiveCfg = Debug|Any CPU
		{7E73667A-80B5-4F12-8AE3-A23C6AFC342C}.Debug|Any CPU.Build.0 = Debug|Any CPU
		{7E73667A-80B5-4F12-8AE3-A23C6AFC342C}.Release|Any CPU.ActiveCfg = Release|Any CPU
		{7E73667A-80B5-4F12-8AE3-A23C6AFC342C}.Release|Any CPU.Build.0 = Release|Any CPU
	EndGlobalSection
	GlobalSection(SolutionProperties) = preSolution
		HideSolutionNode = FALSE
	EndGlobalSection
EndGlobal
